
Microsoft Visual Studio Solution File, Format Version 12.00
# Visual Studio Version 17
VisualStudioVersion = 17.7.34024.191
MinimumVisualStudioVersion = 10.0.40219.1
Project("{FAE04EC0-301F-11D3-BF4B-00C04F79EFBC}") = "Lab_6_Syed_Hussain_30140466", "Lab_6_Syed_Hussain_30140466.csproj", "{1F304B4D-E9DF-4F5B-AC25-9FA59F65B182}"
EndProject
Global
	GlobalSection(SolutionConfigurationPlatforms) = preSolution
		Debug|Any CPU = Debug|Any CPU
		Release|Any CPU = Release|Any CPU
	EndGlobalSection
	GlobalSection(ProjectConfigurationPlatforms) = postSolution
		{1F304B4D-E9DF-4F5B-AC25-9FA59F65B182}.Debug|Any CPU.ActiveCfg = Debug|Any CPU
		{1F304B4D-E9DF-4F5B-AC25-9FA59F65B182}.Debug|Any CPU.Build.0 = Debug|Any CPU
		{1F304B4D-E9DF-4F5B-AC25-9FA59F65B182}.Release|Any CPU.ActiveCfg = Release|Any CPU
		{1F304B4D-E9DF-4F5B-AC25-9FA59F65B182}.Release|Any CPU.Build.0 = Release|Any CPU
	EndGlobalSection
	GlobalSection(SolutionProperties) = preSolution
		HideSolutionNode = FALSE
	EndGlobalSection
	GlobalSection(ExtensibilityGlobals) = postSolution
		SolutionGuid = {D00FB38F-8200-4499-9E86-D665BC581C3A}
	EndGlobalSection
EndGlobal
